
Microsoft Visual Studio Solution File, Format Version 12.00
# Visual Studio Version 17
VisualStudioVersion = 17.14.36603.0 d17.14
MinimumVisualStudioVersion = 10.0.40219.1
Project("{FAE04EC0-301F-11D3-BF4B-00C04F79EFBC}") = "MythicHunter2", "MythicHunter2\MythicHunter2.csproj", "{E6022013-360A-432B-9A34-05F6DBCC13CA}"
EndProject
Global
	GlobalSection(SolutionConfigurationPlatforms) = preSolution
		Debug|Any CPU = Debug|Any CPU
		Release|Any CPU = Release|Any CPU
	EndGlobalSection
	GlobalSection(ProjectConfigurationPlatforms) = postSolution
		{E6022013-360A-432B-9A34-05F6DBCC13CA}.Debug|Any CPU.ActiveCfg = Debug|Any CPU
		{E6022013-360A-432B-9A34-05F6DBCC13CA}.Debug|Any CPU.Build.0 = Debug|Any CPU
		{E6022013-360A-432B-9A34-05F6DBCC13CA}.Release|Any CPU.ActiveCfg = Release|Any CPU
		{E6022013-360A-432B-9A34-05F6DBCC13CA}.Release|Any CPU.Build.0 = Release|Any CPU
	EndGlobalSection
	GlobalSection(SolutionProperties) = preSolution
		HideSolutionNode = FALSE
	EndGlobalSection
	GlobalSection(ExtensibilityGlobals) = postSolution
		SolutionGuid = {2E84F689-DCBF-48A7-B380-B65A6B537238}
	EndGlobalSection
EndGlobal
